// !$*UTF8*$!
{
	archiveVersion = 1;
	classes = {
	};
	objectVersion = 46;
	objects = {

/* Begin PBXBuildFile section */
		F9A8C6AE2F1649B000C92FFB /* AppDelegate.m in Sources */ = {isa = PBXBuildFile; fileRef = F9A8C6AD2F1649B000C92FFB /* AppDelegate.m */; };
		F9A8C6B12F1649B000C92FFB /* ViewController.m in Sources */ = {isa = PBXBuildFile; fileRef = F9A8C6B02F1649B000C92FFB /* ViewController.m */; };
		F9A8C6B62F1649B100C92FFB /* Assets.xcassets in Resources */ = {isa = PBXBuildFile; fileRef = F9A8C6B52F1649B100C92FFB /* Assets.xcassets */; };
		F9A8C6CF2F1649B100C92FFB /* RespringToolUITests.m in Sources */ = {isa = PBXBuildFile; fileRef = F9A8C6CE2F1649B100C92FFB /* RespringToolUITests.m */; };
		F9A8C6DF2F16511300C92FFB /* main.m in Sources */ = {isa = PBXBuildFile; fileRef = F9A8C6DE2F16511300C92FFB /* main.m */; };
		F9A8C6E12F1655B300C92FFB /* Default-568h@2x.png in Resources */ = {isa = PBXBuildFile; fileRef = F9A8C6E02F1655B300C92FFB /* Default-568h@2x.png */; };
		F9A8C6E32F16572000C92FFB /* Launch Screen.storyboard in Resources */ = {isa = PBXBuildFile; fileRef = F9A8C6E22F16572000C92FFB /* Launch Screen.storyboard */; };
/* End PBXBuildFile section */

/* Begin PBXContainerItemProxy section */
		F9A8C6C02F1649B100C92FFB /* PBXContainerItemProxy */ = {
			isa = PBXContainerItemProxy;
			containerPortal = F9A8C69E2F1649B000C92FFB /* Project object */;
			proxyType = 1;
			remoteGlobalIDString = F9A8C6A52F1649B000C92FFB;
			remoteInfo = RespringTool;
		};
		F9A8C6CB2F1649B100C92FFB /* PBXContainerItemProxy */ = {
			isa = PBXContainerItemProxy;
			containerPortal = F9A8C69E2F1649B000C92FFB /* Project object */;
			proxyType = 1;
			remoteGlobalIDString = F9A8C6A52F1649B000C92FFB;
			remoteInfo = RespringTool;
		};
/* End PBXContainerItemProxy section */

/* Begin PBXFileReference section */
		F9A8C6A62F1649B000C92FFB /* RespringTool.app */ = {isa = PBXFileReference; explicitFileType = wrapper.application; includeInIndex = 0; path = RespringTool.app; sourceTree = BUILT_PRODUCTS_DIR; };
		F9A8C6AC2F1649B000C92FFB /* AppDelegate.h */ = {isa = PBXFileReference; lastKnownFileType = sourcecode.c.h; path = AppDelegate.h; sourceTree = "<group>"; };
		F9A8C6AD2F1649B000C92FFB /* AppDelegate.m */ = {isa = PBXFileReference; lastKnownFileType = sourcecode.c.objc; path = AppDelegate.m; sourceTree = "<group>"; };
		F9A8C6AF2F1649B000C92FFB /* ViewController.h */ = {isa = PBXFileReference; lastKnownFileType = sourcecode.c.h; path = ViewController.h; sourceTree = "<group>"; };
		F9A8C6B02F1649B000C92FFB /* ViewController.m */ = {isa = PBXFileReference; lastKnownFileType = sourcecode.c.objc; path = ViewController.m; sourceTree = "<group>"; };
		F9A8C6B52F1649B100C92FFB /* Assets.xcassets */ = {isa = PBXFileReference; lastKnownFileType = folder.assetcatalog; path = Assets.xcassets; sourceTree = "<group>"; };
		F9A8C6BA2F1649B100C92FFB /* Info.plist */ = {isa = PBXFileReference; lastKnownFileType = text.plist.xml; path = Info.plist; sourceTree = "<group>"; };
		F9A8C6BF2F1649B100C92FFB /* RespringToolTests.xctest */ = {isa = PBXFileReference; explicitFileType = wrapper.cfbundle; includeInIndex = 0; path = RespringToolTests.xctest; sourceTree = BUILT_PRODUCTS_DIR; };
		F9A8C6CA2F1649B100C92FFB /* RespringToolUITests.xctest */ = {isa = PBXFileReference; explicitFileType = wrapper.cfbundle; includeInIndex = 0; path = RespringToolUITests.xctest; sourceTree = BUILT_PRODUCTS_DIR; };
		F9A8C6CE2F1649B100C92FFB /* RespringToolUITests.m */ = {isa = PBXFileReference; lastKnownFileType = sourcecode.c.objc; path = RespringToolUITests.m; sourceTree = "<group>"; };
		F9A8C6D02F1649B100C92FFB /* Info.plist */ = {isa = PBXFileReference; lastKnownFileType = text.plist.xml; path = Info.plist; sourceTree = "<group>"; };
		F9A8C6DE2F16511300C92FFB /* main.m */ = {isa = PBXFileReference; fileEncoding = 4; lastKnownFileType = sourcecode.c.objc; path = main.m; sourceTree = "<group>"; };
		F9A8C6E02F1655B300C92FFB /* Default-568h@2x.png */ = {isa = PBXFileReference; lastKnownFileType = image.png; path = "Default-568h@2x.png"; sourceTree = "<group>"; };
		F9A8C6E22F16572000C92FFB /* Launch Screen.storyboard */ = {isa = PBXFileReference; fileEncoding = 4; lastKnownFileType = file.storyboard; path = "Launch Screen.storyboard"; sourceTree = "<group>"; };
/* End PBXFileReference section */

/* Begin PBXFrameworksBuildPhase section */
		F9A8C6A32F1649B000C92FFB /* Frameworks */ = {
			isa = PBXFrameworksBuildPhase;
			buildActionMask = 2147483647;
			files = (
			);
			runOnlyForDeploymentPostprocessing = 0;
		};
		F9A8C6BC2F1649B100C92FFB /* Frameworks */ = {
			isa = PBXFrameworksBuildPhase;
			buildActionMask = 2147483647;
			files = (
			);
			runOnlyForDeploymentPostprocessing = 0;
		};
		F9A8C6C72F1649B100C92FFB /* Frameworks */ = {
			isa = PBXFrameworksBuildPhase;
			buildActionMask = 2147483647;
			files = (
			);
			runOnlyForDeploymentPostprocessing = 0;
		};
/* End PBXFrameworksBuildPhase section */

/* Begin PBXGroup section */
		F9A8C69D2F1649B000C92FFB = {
			isa = PBXGroup;
			children = (
				F9A8C6A82F1649B000C92FFB /* RespringTool */,
				F9A8C6CD2F1649B100C92FFB /* RespringToolUITests */,
				F9A8C6A72F1649B000C92FFB /* Products */,
			);
			sourceTree = "<group>";
		};
		F9A8C6A72F1649B000C92FFB /* Products */ = {
			isa = PBXGroup;
			children = (
				F9A8C6A62F1649B000C92FFB /* RespringTool.app */,
				F9A8C6BF2F1649B100C92FFB /* RespringToolTests.xctest */,
				F9A8C6CA2F1649B100C92FFB /* RespringToolUITests.xctest */,
			);
			name = Products;
			sourceTree = "<group>";
		};
		F9A8C6A82F1649B000C92FFB /* RespringTool */ = {
			isa = PBXGroup;
			children = (
				F9A8C6E02F1655B300C92FFB /* Default-568h@2x.png */,
				F9A8C6AC2F1649B000C92FFB /* AppDelegate.h */,
				F9A8C6AD2F1649B000C92FFB /* AppDelegate.m */,
				F9A8C6AF2F1649B000C92FFB /* ViewController.h */,
				F9A8C6B02F1649B000C92FFB /* ViewController.m */,
				F9A8C6DE2F16511300C92FFB /* main.m */,
				F9A8C6B52F1649B100C92FFB /* Assets.xcassets */,
				F9A8C6BA2F1649B100C92FFB /* Info.plist */,
				F9A8C6A92F1649B000C92FFB /* Supporting Files */,
				F9A8C6E22F16572000C92FFB /* Launch Screen.storyboard */,
			);
			path = RespringTool;
			sourceTree = "<group>";
		};
		F9A8C6A92F1649B000C92FFB /* Supporting Files */ = {
			isa = PBXGroup;
			children = (
			);
			name = "Supporting Files";
			sourceTree = "<group>";
		};
		F9A8C6CD2F1649B100C92FFB /* RespringToolUITests */ = {
			isa = PBXGroup;
			children = (
				F9A8C6CE2F1649B100C92FFB /* RespringToolUITests.m */,
				F9A8C6D02F1649B100C92FFB /* Info.plist */,
			);
			path = RespringToolUITests;
			sourceTree = "<group>";
		};
/* End PBXGroup section */

/* Begin PBXNativeTarget section */
		F9A8C6A52F1649B000C92FFB /* RespringTool */ = {
			isa = PBXNativeTarget;
			buildConfigurationList = F9A8C6D32F1649B100C92FFB /* Build configuration list for PBXNativeTarget "RespringTool" */;
			buildPhases = (
				F9A8C6A22F1649B000C92FFB /* Sources */,
				F9A8C6A32F1649B000C92FFB /* Frameworks */,
				F9A8C6A42F1649B000C92FFB /* Resources */,
			);
			buildRules = (
			);
			dependencies = (
			);
			name = RespringTool;
			productName = RespringTool;
			productReference = F9A8C6A62F1649B000C92FFB /* RespringTool.app */;
			productType = "com.apple.product-type.application";
		};
		F9A8C6BE2F1649B100C92FFB /* RespringToolTests */ = {
			isa = PBXNativeTarget;
			buildConfigurationList = F9A8C6D62F1649B100C92FFB /* Build configuration list for PBXNativeTarget "RespringToolTests" */;
			buildPhases = (
				F9A8C6BB2F1649B100C92FFB /* Sources */,
				F9A8C6BC2F1649B100C92FFB /* Frameworks */,
				F9A8C6BD2F1649B100C92FFB /* Resources */,
			);
			buildRules = (
			);
			dependencies = (
				F9A8C6C12F1649B100C92FFB /* PBXTargetDependency */,
			);
			name = RespringToolTests;
			productName = RespringToolTests;
			productReference = F9A8C6BF2F1649B100C92FFB /* RespringToolTests.xctest */;
			productType = "com.apple.product-type.bundle.unit-test";
		};
		F9A8C6C92F1649B100C92FFB /* RespringToolUITests */ = {
			isa = PBXNativeTarget;
			buildConfigurationList = F9A8C6D92F1649B100C92FFB /* Build configuration list for PBXNativeTarget "RespringToolUITests" */;
			buildPhases = (
				F9A8C6C62F1649B100C92FFB /* Sources */,
				F9A8C6C72F1649B100C92FFB /* Frameworks */,
				F9A8C6C82F1649B100C92FFB /* Resources */,
			);
			buildRules = (
			);
			dependencies = (
				F9A8C6CC2F1649B100C92FFB /* PBXTargetDependency */,
			);
			name = RespringToolUITests;
			productName = RespringToolUITests;
			productReference = F9A8C6CA2F1649B100C92FFB /* RespringToolUITests.xctest */;
			productType = "com.apple.product-type.bundle.ui-testing";
		};
/* End PBXNativeTarget section */

/* Begin PBXProject section */
		F9A8C69E2F1649B000C92FFB /* Project object */ = {
			isa = PBXProject;
			attributes = {
				LastUpgradeCheck = 0730;
				ORGANIZATIONNAME = ruich97;
				TargetAttributes = {
					F9A8C6A52F1649B000C92FFB = {
						CreatedOnToolsVersion = 7.3.1;
						DevelopmentTeam = 88Y4WYJN9N;
					};
					F9A8C6BE2F1649B100C92FFB = {
						CreatedOnToolsVersion = 7.3.1;
						DevelopmentTeam = 88Y4WYJN9N;
						TestTargetID = F9A8C6A52F1649B000C92FFB;
					};
					F9A8C6C92F1649B100C92FFB = {
						CreatedOnToolsVersion = 7.3.1;
						DevelopmentTeam = 88Y4WYJN9N;
						TestTargetID = F9A8C6A52F1649B000C92FFB;
					};
				};
			};
			buildConfigurationList = F9A8C6A12F1649B000C92FFB /* Build configuration list for PBXProject "RespringTool" */;
			compatibilityVersion = "Xcode 3.2";
			developmentRegion = English;
			hasScannedForEncodings = 0;
			knownRegions = (
				en,
				Base,
			);
			mainGroup = F9A8C69D2F1649B000C92FFB;
			productRefGroup = F9A8C6A72F1649B000C92FFB /* Products */;
			projectDirPath = "";
			projectRoot = "";
			targets = (
				F9A8C6A52F1649B000C92FFB /* RespringTool */,
				F9A8C6BE2F1649B100C92FFB /* RespringToolTests */,
				F9A8C6C92F1649B100C92FFB /* RespringToolUITests */,
			);
		};
/* End PBXProject section */

/* Begin PBXResourcesBuildPhase section */
		F9A8C6A42F1649B000C92FFB /* Resources */ = {
			isa = PBXResourcesBuildPhase;
			buildActionMask = 2147483647;
			files = (
				F9A8C6E32F16572000C92FFB /* Launch Screen.storyboard in Resources */,
				F9A8C6B62F1649B100C92FFB /* Assets.xcassets in Resources */,
				F9A8C6E12F1655B300C92FFB /* Default-568h@2x.png in Resources */,
			);
			runOnlyForDeploymentPostprocessing = 0;
		};
		F9A8C6BD2F1649B100C92FFB /* Resources */ = {
			isa = PBXResourcesBuildPhase;
			buildActionMask = 2147483647;
			files = (
			);
			runOnlyForDeploymentPostprocessing = 0;
		};
		F9A8C6C82F1649B100C92FFB /* Resources */ = {
			isa = PBXResourcesBuildPhase;
			buildActionMask = 2147483647;
			files = (
			);
			runOnlyForDeploymentPostprocessing = 0;
		};
/* End PBXResourcesBuildPhase section */

/* Begin PBXSourcesBuildPhase section */
		F9A8C6A22F1649B000C92FFB /* Sources */ = {
			isa = PBXSourcesBuildPhase;
			buildActionMask = 2147483647;
			files = (
				F9A8C6B12F1649B000C92FFB /* ViewController.m in Sources */,
				F9A8C6DF2F16511300C92FFB /* main.m in Sources */,
				F9A8C6AE2F1649B000C92FFB /* AppDelegate.m in Sources */,
			);
			runOnlyForDeploymentPostprocessing = 0;
		};
		F9A8C6BB2F1649B100C92FFB /* Sources */ = {
			isa = PBXSourcesBuildPhase;
			buildActionMask = 2147483647;
			files = (
			);
			runOnlyForDeploymentPostprocessing = 0;
		};
		F9A8C6C62F1649B100C92FFB /* Sources */ = {
			isa = PBXSourcesBuildPhase;
			buildActionMask = 2147483647;
			files = (
				F9A8C6CF2F1649B100C92FFB /* RespringToolUITests.m in Sources */,
			);
			runOnlyForDeploymentPostprocessing = 0;
		};
/* End PBXSourcesBuildPhase section */

/* Begin PBXTargetDependency section */
		F9A8C6C12F1649B100C92FFB /* PBXTargetDependency */ = {
			isa = PBXTargetDependency;
			target = F9A8C6A52F1649B000C92FFB /* RespringTool */;
			targetProxy = F9A8C6C02F1649B100C92FFB /* PBXContainerItemProxy */;
		};
		F9A8C6CC2F1649B100C92FFB /* PBXTargetDependency */ = {
			isa = PBXTargetDependency;
			target = F9A8C6A52F1649B000C92FFB /* RespringTool */;
			targetProxy = F9A8C6CB2F1649B100C92FFB /* PBXContainerItemProxy */;
		};
/* End PBXTargetDependency section */

/* Begin XCBuildConfiguration section */
		F9A8C6D12F1649B100C92FFB /* Debug */ = {
			isa = XCBuildConfiguration;
			buildSettings = {
				ALWAYS_SEARCH_USER_PATHS = NO;
				CLANG_ANALYZER_NONNULL = YES;
				CLANG_CXX_LANGUAGE_STANDARD = "gnu++0x";
				CLANG_CXX_LIBRARY = "libc++";
				CLANG_ENABLE_MODULES = YES;
				CLANG_ENABLE_OBJC_ARC = YES;
				CLANG_WARN_BOOL_CONVERSION = YES;
				CLANG_WARN_CONSTANT_CONVERSION = YES;
				CLANG_WARN_DIRECT_OBJC_ISA_USAGE = YES_ERROR;
				CLANG_WARN_EMPTY_BODY = YES;
				CLANG_WARN_ENUM_CONVERSION = YES;
				CLANG_WARN_INT_CONVERSION = YES;
				CLANG_WARN_OBJC_ROOT_CLASS = YES_ERROR;
				CLANG_WARN_UNREACHABLE_CODE = YES;
				CLANG_WARN__DUPLICATE_METHOD_MATCH = YES;
				"CODE_SIGN_IDENTITY[sdk=iphoneos*]" = "iPhone Developer";
				COPY_PHASE_STRIP = NO;
				DEBUG_INFORMATION_FORMAT = dwarf;
				ENABLE_STRICT_OBJC_MSGSEND = YES;
				ENABLE_TESTABILITY = YES;
				GCC_C_LANGUAGE_STANDARD = gnu99;
				GCC_DYNAMIC_NO_PIC = NO;
				GCC_NO_COMMON_BLOCKS = YES;
				GCC_OPTIMIZATION_LEVEL = 0;
				GCC_PREPROCESSOR_DEFINITIONS = (
					"DEBUG=1",
					"$(inherited)",
				);
				GCC_WARN_64_TO_32_BIT_CONVERSION = YES;
				GCC_WARN_ABOUT_RETURN_TYPE = YES_ERROR;
				GCC_WARN_UNDECLARED_SELECTOR = YES;
				GCC_WARN_UNINITIALIZED_AUTOS = YES_AGGRESSIVE;
				GCC_WARN_UNUSED_FUNCTION = YES;
				GCC_WARN_UNUSED_VARIABLE = YES;
				IPHONEOS_DEPLOYMENT_TARGET = 9.3;
				MTL_ENABLE_DEBUG_INFO = YES;
				ONLY_ACTIVE_ARCH = YES;
				SDKROOT = iphoneos;
				TARGETED_DEVICE_FAMILY = "1,2";
			};
			name = Debug;
		};
		F9A8C6D22F1649B100C92FFB /* Release */ = {
			isa = XCBuildConfiguration;
			buildSettings = {
				ALWAYS_SEARCH_USER_PATHS = NO;
				CLANG_ANALYZER_NONNULL = YES;
				CLANG_CXX_LANGUAGE_STANDARD = "gnu++0x";
				CLANG_CXX_LIBRARY = "libc++";
				CLANG_ENABLE_MODULES = YES;
				CLANG_ENABLE_OBJC_ARC = YES;
				CLANG_WARN_BOOL_CONVERSION = YES;
				CLANG_WARN_CONSTANT_CONVERSION = YES;
				CLANG_WARN_DIRECT_OBJC_ISA_USAGE = YES_ERROR;
				CLANG_WARN_EMPTY_BODY = YES;
				CLANG_WARN_ENUM_CONVERSION = YES;
				CLANG_WARN_INT_CONVERSION = YES;
				CLANG_WARN_OBJC_ROOT_CLASS = YES_ERROR;
				CLANG_WARN_UNREACHABLE_CODE = YES;
				CLANG_WARN__DUPLICATE_METHOD_MATCH = YES;
				"CODE_SIGN_IDENTITY[sdk=iphoneos*]" = "iPhone Developer";
				COPY_PHASE_STRIP = NO;
				DEBUG_INFORMATION_FORMAT = "dwarf-with-dsym";
				ENABLE_NS_ASSERTIONS = NO;
				ENABLE_STRICT_OBJC_MSGSEND = YES;
				GCC_C_LANGUAGE_STANDARD = gnu99;
				GCC_NO_COMMON_BLOCKS = YES;
				GCC_WARN_64_TO_32_BIT_CONVERSION = YES;
				GCC_WARN_ABOUT_RETURN_TYPE = YES_ERROR;
				GCC_WARN_UNDECLARED_SELECTOR = YES;
				GCC_WARN_UNINITIALIZED_AUTOS = YES_AGGRESSIVE;
				GCC_WARN_UNUSED_FUNCTION = YES;
				GCC_WARN_UNUSED_VARIABLE = YES;
				IPHONEOS_DEPLOYMENT_TARGET = 9.3;
				MTL_ENABLE_DEBUG_INFO = NO;
				SDKROOT = iphoneos;
				TARGETED_DEVICE_FAMILY = "1,2";
				VALIDATE_PRODUCT = YES;
			};
			name = Release;
		};
		F9A8C6D42F1649B100C92FFB /* Debug */ = {
			isa = XCBuildConfiguration;
			buildSettings = {
				ASSETCATALOG_COMPILER_APPICON_NAME = AppIcon;
				CODE_SIGNING_ALLOWED = NO;
				CODE_SIGNING_REQUIRED = NO;
				"CODE_SIGN_IDENTITY[sdk=iphoneos*]" = "";
				INFOPLIST_FILE = RespringTool/Info.plist;
				IPHONEOS_DEPLOYMENT_TARGET = 6.0;
				LD_RUNPATH_SEARCH_PATHS = "$(inherited) @executable_path/Frameworks";
				ONLY_ACTIVE_ARCH = NO;
				PRODUCT_BUNDLE_IDENTIFIER = com.ruich97.RespringTool;
				PRODUCT_NAME = "$(TARGET_NAME)";
			};
			name = Debug;
		};
		F9A8C6D52F1649B100C92FFB /* Release */ = {
			isa = XCBuildConfiguration;
			buildSettings = {
				ASSETCATALOG_COMPILER_APPICON_NAME = AppIcon;
				CODE_SIGNING_ALLOWED = NO;
				CODE_SIGNING_REQUIRED = NO;
				"CODE_SIGN_IDENTITY[sdk=iphoneos*]" = "";
				INFOPLIST_FILE = RespringTool/Info.plist;
				IPHONEOS_DEPLOYMENT_TARGET = 6.0;
				LD_RUNPATH_SEARCH_PATHS = "$(inherited) @executable_path/Frameworks";
				PRODUCT_BUNDLE_IDENTIFIER = com.ruich97.RespringTool;
				PRODUCT_NAME = "$(TARGET_NAME)";
			};
			name = Release;
		};
		F9A8C6D72F1649B100C92FFB /* Debug */ = {
			isa = XCBuildConfiguration;
			buildSettings = {
				BUNDLE_LOADER = "$(TEST_HOST)";
				INFOPLIST_FILE = RespringToolTests/Info.plist;
				LD_RUNPATH_SEARCH_PATHS = "$(inherited) @executable_path/Frameworks @loader_path/Frameworks";
				PRODUCT_BUNDLE_IDENTIFIER = com.ruich97.RespringToolTests;
				PRODUCT_NAME = "$(TARGET_NAME)";
				TEST_HOST = "$(BUILT_PRODUCTS_DIR)/RespringTool.app/RespringTool";
			};
			name = Debug;
		};
		F9A8C6D82F1649B100C92FFB /* Release */ = {
			isa = XCBuildConfiguration;
			buildSettings = {
				BUNDLE_LOADER = "$(TEST_HOST)";
				INFOPLIST_FILE = RespringToolTests/Info.plist;
				LD_RUNPATH_SEARCH_PATHS = "$(inherited) @executable_path/Frameworks @loader_path/Frameworks";
				PRODUCT_BUNDLE_IDENTIFIER = com.ruich97.RespringToolTests;
				PRODUCT_NAME = "$(TARGET_NAME)";
				TEST_HOST = "$(BUILT_PRODUCTS_DIR)/RespringTool.app/RespringTool";
			};
			name = Release;
		};
		F9A8C6DA2F1649B100C92FFB /* Debug */ = {
			isa = XCBuildConfiguration;
			buildSettings = {
				INFOPLIST_FILE = RespringToolUITests/Info.plist;
				LD_RUNPATH_SEARCH_PATHS = "$(inherited) @executable_path/Frameworks @loader_path/Frameworks";
				PRODUCT_BUNDLE_IDENTIFIER = com.ruich97.RespringToolUITests;
				PRODUCT_NAME = "$(TARGET_NAME)";
				TEST_TARGET_NAME = RespringTool;
			};
			name = Debug;
		};
		F9A8C6DB2F1649B100C92FFB /* Release */ = {
			isa = XCBuildConfiguration;
			buildSettings = {
				INFOPLIST_FILE = RespringToolUITests/Info.plist;
				LD_RUNPATH_SEARCH_PATHS = "$(inherited) @executable_path/Frameworks @loader_path/Frameworks";
				PRODUCT_BUNDLE_IDENTIFIER = com.ruich97.RespringToolUITests;
				PRODUCT_NAME = "$(TARGET_NAME)";
				TEST_TARGET_NAME = RespringTool;
			};
			name = Release;
		};
/* End XCBuildConfiguration section */

/* Begin XCConfigurationList section */
		F9A8C6A12F1649B000C92FFB /* Build configuration list for PBXProject "RespringTool" */ = {
			isa = XCConfigurationList;
			buildConfigurations = (
				F9A8C6D12F1649B100C92FFB /* Debug */,
				F9A8C6D22F1649B100C92FFB /* Release */,
			);
			defaultConfigurationIsVisible = 0;
			defaultConfigurationName = Release;
		};
		F9A8C6D32F1649B100C92FFB /* Build configuration list for PBXNativeTarget "RespringTool" */ = {
			isa = XCConfigurationList;
			buildConfigurations = (
				F9A8C6D42F1649B100C92FFB /* Debug */,
				F9A8C6D52F1649B100C92FFB /* Release */,
			);
			defaultConfigurationIsVisible = 0;
			defaultConfigurationName = Release;
		};
		F9A8C6D62F1649B100C92FFB /* Build configuration list for PBXNativeTarget "RespringToolTests" */ = {
			isa = XCConfigurationList;
			buildConfigurations = (
				F9A8C6D72F1649B100C92FFB /* Debug */,
				F9A8C6D82F1649B100C92FFB /* Release */,
			);
			defaultConfigurationIsVisible = 0;
			defaultConfigurationName = Release;
		};
		F9A8C6D92F1649B100C92FFB /* Build configuration list for PBXNativeTarget "RespringToolUITests" */ = {
			isa = XCConfigurationList;
			buildConfigurations = (
				F9A8C6DA2F1649B100C92FFB /* Debug */,
				F9A8C6DB2F1649B100C92FFB /* Release */,
			);
			defaultConfigurationIsVisible = 0;
			defaultConfigurationName = Release;
		};
/* End XCConfigurationList section */
	};
	rootObject = F9A8C69E2F1649B000C92FFB /* Project object */;
}
